
Microsoft Visual Studio Solution File, Format Version 12.00
# Visual Studio Version 16
VisualStudioVersion = 16.0.31729.503
MinimumVisualStudioVersion = 10.0.40219.1
Project("{FAE04EC0-301F-11D3-BF4B-00C04F79EFBC}") = "Grizli2", "Grizli2\Grizli2.csproj", "{C7117CCF-58B7-4A7F-9361-98FEBD0A4ABC}"
EndProject
Global
	GlobalSection(SolutionConfigurationPlatforms) = preSolution
		Debug|Any CPU = Debug|Any CPU
		Release|Any CPU = Release|Any CPU
	EndGlobalSection
	GlobalSection(ProjectConfigurationPlatforms) = postSolution
		{C7117CCF-58B7-4A7F-9361-98FEBD0A4ABC}.Debug|Any CPU.ActiveCfg = Debug|Any CPU
		{C7117CCF-58B7-4A7F-9361-98FEBD0A4ABC}.Debug|Any CPU.Build.0 = Debug|Any CPU
		{C7117CCF-58B7-4A7F-9361-98FEBD0A4ABC}.Release|Any CPU.ActiveCfg = Release|Any CPU
		{C7117CCF-58B7-4A7F-9361-98FEBD0A4ABC}.Release|Any CPU.Build.0 = Release|Any CPU
	EndGlobalSection
	GlobalSection(SolutionProperties) = preSolution
		HideSolutionNode = FALSE
	EndGlobalSection
	GlobalSection(ExtensibilityGlobals) = postSolution
		SolutionGuid = {6315E853-4E2F-49F2-A2E7-9E9B6B7850B4}
	EndGlobalSection
EndGlobal
